PODS:
  - Anchorage (4.5.0)
  - JXSegmentedView (1.3.0)

DEPENDENCIES:
  - Anchorage
  - JXSegmentedView

SPEC REPOS:
  trunk:
    - Anchorage
    - JXSegmentedView

SPEC CHECKSUMS:
  Anchorage: 1961bc81c84aeed54ad7ffc697c50cd9de748ba6
  JXSegmentedView: fec0d335355b6e019c494fe2e030bde8a36d2df6

PODFILE CHECKSUM: 481b78318177e961d68c81679d679938f9ab4f34

COCOAPODS: 1.11.3
